
Microsoft Visual Studio Solution File, Format Version 12.00
# Visual Studio Version 17
VisualStudioVersion = 17.2.32616.157
MinimumVisualStudioVersion = 10.0.40219.1
Project("{FAE04EC0-301F-11D3-BF4B-00C04F79EFBC}") = "Parking", "Parking\Parking.csproj", "{56972B45-3DE2-41B1-9325-1EEE094299E3}"
EndProject
Global
	GlobalSection(SolutionConfigurationPlatforms) = preSolution
		Debug|Any CPU = Debug|Any CPU
		Release|Any CPU = Release|Any CPU
	EndGlobalSection
	GlobalSection(ProjectConfigurationPlatforms) = postSolution
		{56972B45-3DE2-41B1-9325-1EEE094299E3}.Debug|Any CPU.ActiveCfg = Debug|Any CPU
		{56972B45-3DE2-41B1-9325-1EEE094299E3}.Debug|Any CPU.Build.0 = Debug|Any CPU
		{56972B45-3DE2-41B1-9325-1EEE094299E3}.Release|Any CPU.ActiveCfg = Release|Any CPU
		{56972B45-3DE2-41B1-9325-1EEE094299E3}.Release|Any CPU.Build.0 = Release|Any CPU
	EndGlobalSection
	GlobalSection(SolutionProperties) = preSolution
		HideSolutionNode = FALSE
	EndGlobalSection
	GlobalSection(ExtensibilityGlobals) = postSolution
		SolutionGuid = {D51EF850-9808-48D9-97B2-03B081DDF8CF}
	EndGlobalSection
EndGlobal
